
Microsoft Visual Studio Solution File, Format Version 11.00
# Visual Studio 2010
Project("{FAE04EC0-301F-11D3-BF4B-00C04F79EFBC}") = "BusinessObject", "BusinessObject1\BusinessObject.csproj", "{174C8BAD-7131-4BFA-89E4-0CD15F9A64F3}"
EndProject
Project("{FAE04EC0-301F-11D3-BF4B-00C04F79EFBC}") = "DataAccessObject", "DataAccessObject1\DataAccessObject.csproj", "{7245BF4C-6C60-4833-BCC3-858912798E44}"
EndProject
Project("{FAE04EC0-301F-11D3-BF4B-00C04F79EFBC}") = "EntityObject", "EntityObject1\EntityObject.csproj", "{3A303208-5922-48F5-8974-8C46A89D0451}"
EndProject
Project("{FAE04EC0-301F-11D3-BF4B-00C04F79EFBC}") = "ThangNMjsc", "ThangNMjsc\ThangNMjsc.csproj", "{EC611619-2DDF-4EAF-B902-5D3D833B31E7}"
EndProject
Global
	GlobalSection(SubversionScc) = preSolution
		Svn-Managed = True
		Manager = AnkhSVN - Subversion Support for Visual Studio
	EndGlobalSection
	GlobalSection(SolutionConfigurationPlatforms) = preSolution
		Debug|Any CPU = Debug|Any CPU
		Debug|Mixed Platforms = Debug|Mixed Platforms
		Debug|x86 = Debug|x86
		Release|Any CPU = Release|Any CPU
		Release|Mixed Platforms = Release|Mixed Platforms
		Release|x86 = Release|x86
	EndGlobalSection
	GlobalSection(ProjectConfigurationPlatforms) = postSolution
		{174C8BAD-7131-4BFA-89E4-0CD15F9A64F3}.Debug|Any CPU.ActiveCfg = Debug|Any CPU
		{174C8BAD-7131-4BFA-89E4-0CD15F9A64F3}.Debug|Any CPU.Build.0 = Debug|Any CPU
		{174C8BAD-7131-4BFA-89E4-0CD15F9A64F3}.Debug|Mixed Platforms.ActiveCfg = Debug|Any CPU
		{174C8BAD-7131-4BFA-89E4-0CD15F9A64F3}.Debug|Mixed Platforms.Build.0 = Debug|Any CPU
		{174C8BAD-7131-4BFA-89E4-0CD15F9A64F3}.Debug|x86.ActiveCfg = Debug|Any CPU
		{174C8BAD-7131-4BFA-89E4-0CD15F9A64F3}.Release|Any CPU.ActiveCfg = Release|Any CPU
		{174C8BAD-7131-4BFA-89E4-0CD15F9A64F3}.Release|Any CPU.Build.0 = Release|Any CPU
		{174C8BAD-7131-4BFA-89E4-0CD15F9A64F3}.Release|Mixed Platforms.ActiveCfg = Release|Any CPU
		{174C8BAD-7131-4BFA-89E4-0CD15F9A64F3}.Release|Mixed Platforms.Build.0 = Release|Any CPU
		{174C8BAD-7131-4BFA-89E4-0CD15F9A64F3}.Release|x86.ActiveCfg = Release|Any CPU
		{7245BF4C-6C60-4833-BCC3-858912798E44}.Debug|Any CPU.ActiveCfg = Debug|Any CPU
		{7245BF4C-6C60-4833-BCC3-858912798E44}.Debug|Any CPU.Build.0 = Debug|Any CPU
		{7245BF4C-6C60-4833-BCC3-858912798E44}.Debug|Mixed Platforms.ActiveCfg = Debug|Any CPU
		{7245BF4C-6C60-4833-BCC3-858912798E44}.Debug|Mixed Platforms.Build.0 = Debug|Any CPU
		{7245BF4C-6C60-4833-BCC3-858912798E44}.Debug|x86.ActiveCfg = Debug|Any CPU
		{7245BF4C-6C60-4833-BCC3-858912798E44}.Release|Any CPU.ActiveCfg = Release|Any CPU
		{7245BF4C-6C60-4833-BCC3-858912798E44}.Release|Any CPU.Build.0 = Release|Any CPU
		{7245BF4C-6C60-4833-BCC3-858912798E44}.Release|Mixed Platforms.ActiveCfg = Release|Any CPU
		{7245BF4C-6C60-4833-BCC3-858912798E44}.Release|Mixed Platforms.Build.0 = Release|Any CPU
		{7245BF4C-6C60-4833-BCC3-858912798E44}.Release|x86.ActiveCfg = Release|Any CPU
		{3A303208-5922-48F5-8974-8C46A89D0451}.Debug|Any CPU.ActiveCfg = Debug|Any CPU
		{3A303208-5922-48F5-8974-8C46A89D0451}.Debug|Any CPU.Build.0 = Debug|Any CPU
		{3A303208-5922-48F5-8974-8C46A89D0451}.Debug|Mixed Platforms.ActiveCfg = Debug|Any CPU
		{3A303208-5922-48F5-8974-8C46A89D0451}.Debug|Mixed Platforms.Build.0 = Debug|Any CPU
		{3A303208-5922-48F5-8974-8C46A89D0451}.Debug|x86.ActiveCfg = Debug|Any CPU
		{3A303208-5922-48F5-8974-8C46A89D0451}.Release|Any CPU.ActiveCfg = Release|Any CPU
		{3A303208-5922-48F5-8974-8C46A89D0451}.Release|Any CPU.Build.0 = Release|Any CPU
		{3A303208-5922-48F5-8974-8C46A89D0451}.Release|Mixed Platforms.ActiveCfg = Release|Any CPU
		{3A303208-5922-48F5-8974-8C46A89D0451}.Release|Mixed Platforms.Build.0 = Release|Any CPU
		{3A303208-5922-48F5-8974-8C46A89D0451}.Release|x86.ActiveCfg = Release|Any CPU
		{EC611619-2DDF-4EAF-B902-5D3D833B31E7}.Debug|Any CPU.ActiveCfg = Debug|Any CPU
		{EC611619-2DDF-4EAF-B902-5D3D833B31E7}.Debug|Any CPU.Build.0 = Debug|Any CPU
		{EC611619-2DDF-4EAF-B902-5D3D833B31E7}.Debug|Mixed Platforms.ActiveCfg = Debug|Any CPU
		{EC611619-2DDF-4EAF-B902-5D3D833B31E7}.Debug|Mixed Platforms.Build.0 = Debug|Any CPU
		{EC611619-2DDF-4EAF-B902-5D3D833B31E7}.Debug|x86.ActiveCfg = Debug|Any CPU
		{EC611619-2DDF-4EAF-B902-5D3D833B31E7}.Release|Any CPU.ActiveCfg = Release|Any CPU
		{EC611619-2DDF-4EAF-B902-5D3D833B31E7}.Release|Any CPU.Build.0 = Release|Any CPU
		{EC611619-2DDF-4EAF-B902-5D3D833B31E7}.Release|Mixed Platforms.ActiveCfg = Release|Any CPU
		{EC611619-2DDF-4EAF-B902-5D3D833B31E7}.Release|Mixed Platforms.Build.0 = Release|Any CPU
		{EC611619-2DDF-4EAF-B902-5D3D833B31E7}.Release|x86.ActiveCfg = Release|Any CPU
	EndGlobalSection
	GlobalSection(SolutionProperties) = preSolution
		HideSolutionNode = FALSE
	EndGlobalSection
EndGlobal
