
Microsoft Visual Studio Solution File, Format Version 11.00
# Visual Studio 2010
Project("{FAE04EC0-301F-11D3-BF4B-00C04F79EFBC}") = "CongKy", "CongKy\CongKy.csproj", "{4882813A-172E-401E-B8F6-D6813D3D1DE6}"
EndProject
Global
	GlobalSection(SubversionScc) = preSolution
		Svn-Managed = True
		Manager = AnkhSVN - Subversion Support for Visual Studio
	EndGlobalSection
	GlobalSection(SolutionConfigurationPlatforms) = preSolution
		Debug|Any CPU = Debug|Any CPU
		Release|Any CPU = Release|Any CPU
	EndGlobalSection
	GlobalSection(ProjectConfigurationPlatforms) = postSolution
		{4882813A-172E-401E-B8F6-D6813D3D1DE6}.Debug|Any CPU.ActiveCfg = Debug|Any CPU
		{4882813A-172E-401E-B8F6-D6813D3D1DE6}.Debug|Any CPU.Build.0 = Debug|Any CPU
		{4882813A-172E-401E-B8F6-D6813D3D1DE6}.Release|Any CPU.ActiveCfg = Release|Any CPU
		{4882813A-172E-401E-B8F6-D6813D3D1DE6}.Release|Any CPU.Build.0 = Release|Any CPU
	EndGlobalSection
	GlobalSection(SolutionProperties) = preSolution
		HideSolutionNode = FALSE
	EndGlobalSection
EndGlobal
